// !$*UTF8*$!
{
	archiveVersion = 1;
	classes = {
	};
	objectVersion = 56;
	objects = {

/* Begin PBXBuildFile section */
		9C43661B2B091831009E8348 /* EventKitViewModel.swift in Sources */ = {isa = PBXBuildFile; fileRef = 9C43661A2B091831009E8348 /* EventKitViewModel.swift */; };
		9C4366322B0DF3E7009E8348 /* EventDataSource.swift in Sources */ = {isa = PBXBuildFile; fileRef = 9C4366312B0DF3E7009E8348 /* EventDataSource.swift */; };
		9C4366342B0DF6B1009E8348 /* EventViewModel.swift in Sources */ = {isa = PBXBuildFile; fileRef = 9C4366332B0DF6B1009E8348 /* EventViewModel.swift */; };
		9C47E3B12B138FD900FAD371 /* ShareUseActivityVC.swift in Sources */ = {isa = PBXBuildFile; fileRef = 9C47E3B02B138FD900FAD371 /* ShareUseActivityVC.swift */; };
		9C47E3B32B1395F400FAD371 /* ShareViewModel.swift in Sources */ = {isa = PBXBuildFile; fileRef = 9C47E3B22B1395F400FAD371 /* ShareViewModel.swift */; };
		9C47E3B52B139A5200FAD371 /* QRCodeGenerator.swift in Sources */ = {isa = PBXBuildFile; fileRef = 9C47E3B42B139A5200FAD371 /* QRCodeGenerator.swift */; };
		9C47E3B72B139AC700FAD371 /* ShareQRCodeView.swift in Sources */ = {isa = PBXBuildFile; fileRef = 9C47E3B62B139AC700FAD371 /* ShareQRCodeView.swift */; };
		9C47E3B92B13A2B100FAD371 /* EncodeDecodeManager.swift in Sources */ = {isa = PBXBuildFile; fileRef = 9C47E3B82B13A2B100FAD371 /* EncodeDecodeManager.swift */; };
		9C47E3C02B13D3B300FAD371 /* CameraView.swift in Sources */ = {isa = PBXBuildFile; fileRef = 9C47E3BF2B13D3B300FAD371 /* CameraView.swift */; };
		9C47E3C22B13E30C00FAD371 /* PermissionCamera.swift in Sources */ = {isa = PBXBuildFile; fileRef = 9C47E3C12B13E30C00FAD371 /* PermissionCamera.swift */; };
		9C47E3C42B13E98800FAD371 /* QRScannerDelegate.swift in Sources */ = {isa = PBXBuildFile; fileRef = 9C47E3C32B13E98800FAD371 /* QRScannerDelegate.swift */; };
		9C74251B2B0605F300AE76C0 /* EventEditorView.swift in Sources */ = {isa = PBXBuildFile; fileRef = 9C74251A2B0605F300AE76C0 /* EventEditorView.swift */; };
		9C74251F2B0613E100AE76C0 /* TextEditorAppearance.swift in Sources */ = {isa = PBXBuildFile; fileRef = 9C74251E2B0613E100AE76C0 /* TextEditorAppearance.swift */; };
		9C7425222B065E8B00AE76C0 /* Date+Extension.swift in Sources */ = {isa = PBXBuildFile; fileRef = 9C7425212B065E8B00AE76C0 /* Date+Extension.swift */; };
		9C7425252B06894700AE76C0 /* SwitDataManager.swift in Sources */ = {isa = PBXBuildFile; fileRef = 9C7425242B06894700AE76C0 /* SwitDataManager.swift */; };
		9C7425272B076FD000AE76C0 /* QueryListView.swift in Sources */ = {isa = PBXBuildFile; fileRef = 9C7425262B076FD000AE76C0 /* QueryListView.swift */; };
		9C7F17E72AFEAA7100BDCDDF /* EventsUpComingApp.swift in Sources */ = {isa = PBXBuildFile; fileRef = 9C7F17E62AFEAA7100BDCDDF /* EventsUpComingApp.swift */; };
		9C7F17E92AFEAA7100BDCDDF /* ContentView.swift in Sources */ = {isa = PBXBuildFile; fileRef = 9C7F17E82AFEAA7100BDCDDF /* ContentView.swift */; };
		9C7F17EB2AFEAA7100BDCDDF /* Todo.swift in Sources */ = {isa = PBXBuildFile; fileRef = 9C7F17EA2AFEAA7100BDCDDF /* Todo.swift */; };
		9C7F17ED2AFEAA7200BDCDDF /* Assets.xcassets in Resources */ = {isa = PBXBuildFile; fileRef = 9C7F17EC2AFEAA7200BDCDDF /* Assets.xcassets */; };
		9C7F17F02AFEAA7200BDCDDF /* Preview Assets.xcassets in Resources */ = {isa = PBXBuildFile; fileRef = 9C7F17EF2AFEAA7200BDCDDF /* Preview Assets.xcassets */; };
		9C7F17FA2AFEAA7200BDCDDF /* EventsUpComingTests.swift in Sources */ = {isa = PBXBuildFile; fileRef = 9C7F17F92AFEAA7200BDCDDF /* EventsUpComingTests.swift */; };
		9C7F18042AFEAA7200BDCDDF /* EventsUpComingUITests.swift in Sources */ = {isa = PBXBuildFile; fileRef = 9C7F18032AFEAA7200BDCDDF /* EventsUpComingUITests.swift */; };
		9C7F18062AFEAA7200BDCDDF /* EventsUpComingUITestsLaunchTests.swift in Sources */ = {isa = PBXBuildFile; fileRef = 9C7F18052AFEAA7200BDCDDF /* EventsUpComingUITestsLaunchTests.swift */; };
		9C7F18142AFEABB600BDCDDF /* Coordinator.swift in Sources */ = {isa = PBXBuildFile; fileRef = 9C7F18132AFEABB600BDCDDF /* Coordinator.swift */; };
		9C7F18162AFEAC0400BDCDDF /* ScreenPages.swift in Sources */ = {isa = PBXBuildFile; fileRef = 9C7F18152AFEAC0400BDCDDF /* ScreenPages.swift */; };
		9C7F181B2AFEAF2400BDCDDF /* QRCodeScanerView.swift in Sources */ = {isa = PBXBuildFile; fileRef = 9C7F181A2AFEAF2400BDCDDF /* QRCodeScanerView.swift */; };
		9C7F181D2AFEB03B00BDCDDF /* CoordinatorView.swift in Sources */ = {isa = PBXBuildFile; fileRef = 9C7F181C2AFEB03B00BDCDDF /* CoordinatorView.swift */; };
		9C7F181F2AFEB1F100BDCDDF /* EventListView.swift in Sources */ = {isa = PBXBuildFile; fileRef = 9C7F181E2AFEB1F100BDCDDF /* EventListView.swift */; };
		9C7F18232AFEB31D00BDCDDF /* CreateEventsView.swift in Sources */ = {isa = PBXBuildFile; fileRef = 9C7F18222AFEB31D00BDCDDF /* CreateEventsView.swift */; };
		9C7F18272AFEC1B900BDCDDF /* ButtonChoise.swift in Sources */ = {isa = PBXBuildFile; fileRef = 9C7F18262AFEC1B900BDCDDF /* ButtonChoise.swift */; };
		9C7F182A2AFEC42300BDCDDF /* Color+Extension.swift in Sources */ = {isa = PBXBuildFile; fileRef = 9C7F18292AFEC42300BDCDDF /* Color+Extension.swift */; };
		9C7F182D2AFEC5FF00BDCDDF /* Poppins-Regular.ttf in Resources */ = {isa = PBXBuildFile; fileRef = 9C7F182C2AFEC5FF00BDCDDF /* Poppins-Regular.ttf */; };
		9C7F18302AFEC78800BDCDDF /* Font+Extension.swift in Sources */ = {isa = PBXBuildFile; fileRef = 9C7F182F2AFEC78800BDCDDF /* Font+Extension.swift */; };
		9C7F18332AFEC97B00BDCDDF /* Period.swift in Sources */ = {isa = PBXBuildFile; fileRef = 9C7F18322AFEC97B00BDCDDF /* Period.swift */; };
		9CA826782B04CC19004D5E2A /* EditEvents.swift in Sources */ = {isa = PBXBuildFile; fileRef = 9CA826772B04CC19004D5E2A /* EditEvents.swift */; };
		9CDDF9A52B039AAF00A75C0C /* PeriodButtonsPicker.swift in Sources */ = {isa = PBXBuildFile; fileRef = 9CDDF9A42B039AAF00A75C0C /* PeriodButtonsPicker.swift */; };
		9CDDF9AA2B03B5E700A75C0C /* EventCell.swift in Sources */ = {isa = PBXBuildFile; fileRef = 9CDDF9A92B03B5E700A75C0C /* EventCell.swift */; };
		9CDDF9AC2B03B88900A75C0C /* IventModel.swift in Sources */ = {isa = PBXBuildFile; fileRef = 9CDDF9AB2B03B88900A75C0C /* IventModel.swift */; };
		9CDDF9AE2B03CC9400A75C0C /* HeaderList.swift in Sources */ = {isa = PBXBuildFile; fileRef = 9CDDF9AD2B03CC9400A75C0C /* HeaderList.swift */; };
		9CDDF9B02B03CDF300A75C0C /* Poppins-SemiBold.ttf in Resources */ = {isa = PBXBuildFile; fileRef = 9CDDF9AF2B03CDF300A75C0C /* Poppins-SemiBold.ttf */; };
		9CDFB7112B14B48000466166 /* String+Extension.swift in Sources */ = {isa = PBXBuildFile; fileRef = 9CDFB7102B14B48000466166 /* String+Extension.swift */; };
/* End PBXBuildFile section */

/* Begin PBXContainerItemProxy section */
		9C7F17F62AFEAA7200BDCDDF /* PBXContainerItemProxy */ = {
			isa = PBXContainerItemProxy;
			containerPortal = 9C7F17DB2AFEAA7100BDCDDF /* Project object */;
			proxyType = 1;
			remoteGlobalIDString = 9C7F17E22AFEAA7100BDCDDF;
			remoteInfo = EventsUpComing;
		};
		9C7F18002AFEAA7200BDCDDF /* PBXContainerItemProxy */ = {
			isa = PBXContainerItemProxy;
			containerPortal = 9C7F17DB2AFEAA7100BDCDDF /* Project object */;
			proxyType = 1;
			remoteGlobalIDString = 9C7F17E22AFEAA7100BDCDDF;
			remoteInfo = EventsUpComing;
		};
/* End PBXContainerItemProxy section */

/* Begin PBXFileReference section */
		9C43661A2B091831009E8348 /* EventKitViewModel.swift */ = {isa = PBXFileReference; lastKnownFileType = sourcecode.swift; path = EventKitViewModel.swift; sourceTree = "<group>"; };
		9C4366312B0DF3E7009E8348 /* EventDataSource.swift */ = {isa = PBXFileReference; lastKnownFileType = sourcecode.swift; path = EventDataSource.swift; sourceTree = "<group>"; };
		9C4366332B0DF6B1009E8348 /* EventViewModel.swift */ = {isa = PBXFileReference; lastKnownFileType = sourcecode.swift; path = EventViewModel.swift; sourceTree = "<group>"; };
		9C47E3B02B138FD900FAD371 /* ShareUseActivityVC.swift */ = {isa = PBXFileReference; lastKnownFileType = sourcecode.swift; path = ShareUseActivityVC.swift; sourceTree = "<group>"; };
		9C47E3B22B1395F400FAD371 /* ShareViewModel.swift */ = {isa = PBXFileReference; lastKnownFileType = sourcecode.swift; path = ShareViewModel.swift; sourceTree = "<group>"; };
		9C47E3B42B139A5200FAD371 /* QRCodeGenerator.swift */ = {isa = PBXFileReference; lastKnownFileType = sourcecode.swift; path = QRCodeGenerator.swift; sourceTree = "<group>"; };
		9C47E3B62B139AC700FAD371 /* ShareQRCodeView.swift */ = {isa = PBXFileReference; lastKnownFileType = sourcecode.swift; path = ShareQRCodeView.swift; sourceTree = "<group>"; };
		9C47E3B82B13A2B100FAD371 /* EncodeDecodeManager.swift */ = {isa = PBXFileReference; lastKnownFileType = sourcecode.swift; path = EncodeDecodeManager.swift; sourceTree = "<group>"; };
		9C47E3BF2B13D3B300FAD371 /* CameraView.swift */ = {isa = PBXFileReference; lastKnownFileType = sourcecode.swift; path = CameraView.swift; sourceTree = "<group>"; };
		9C47E3C12B13E30C00FAD371 /* PermissionCamera.swift */ = {isa = PBXFileReference; lastKnownFileType = sourcecode.swift; path = PermissionCamera.swift; sourceTree = "<group>"; };
		9C47E3C32B13E98800FAD371 /* QRScannerDelegate.swift */ = {isa = PBXFileReference; lastKnownFileType = sourcecode.swift; path = QRScannerDelegate.swift; sourceTree = "<group>"; };
		9C74251A2B0605F300AE76C0 /* EventEditorView.swift */ = {isa = PBXFileReference; lastKnownFileType = sourcecode.swift; path = EventEditorView.swift; sourceTree = "<group>"; };
		9C74251E2B0613E100AE76C0 /* TextEditorAppearance.swift */ = {isa = PBXFileReference; lastKnownFileType = sourcecode.swift; path = TextEditorAppearance.swift; sourceTree = "<group>"; };
		9C7425212B065E8B00AE76C0 /* Date+Extension.swift */ = {isa = PBXFileReference; lastKnownFileType = sourcecode.swift; path = "Date+Extension.swift"; sourceTree = "<group>"; };
		9C7425242B06894700AE76C0 /* SwitDataManager.swift */ = {isa = PBXFileReference; lastKnownFileType = sourcecode.swift; path = SwitDataManager.swift; sourceTree = "<group>"; };
		9C7425262B076FD000AE76C0 /* QueryListView.swift */ = {isa = PBXFileReference; lastKnownFileType = sourcecode.swift; path = QueryListView.swift; sourceTree = "<group>"; };
		9C7F17E32AFEAA7100BDCDDF /* EventsUpComing.app */ = {isa = PBXFileReference; explicitFileType = wrapper.application; includeInIndex = 0; path = EventsUpComing.app; sourceTree = BUILT_PRODUCTS_DIR; };
		9C7F17E62AFEAA7100BDCDDF /* EventsUpComingApp.swift */ = {isa = PBXFileReference; lastKnownFileType = sourcecode.swift; path = EventsUpComingApp.swift; sourceTree = "<group>"; };
		9C7F17E82AFEAA7100BDCDDF /* ContentView.swift */ = {isa = PBXFileReference; lastKnownFileType = sourcecode.swift; path = ContentView.swift; sourceTree = "<group>"; };
		9C7F17EA2AFEAA7100BDCDDF /* Todo.swift */ = {isa = PBXFileReference; lastKnownFileType = sourcecode.swift; path = Todo.swift; sourceTree = "<group>"; };
		9C7F17EC2AFEAA7200BDCDDF /* Assets.xcassets */ = {isa = PBXFileReference; lastKnownFileType = folder.assetcatalog; path = Assets.xcassets; sourceTree = "<group>"; };
		9C7F17EF2AFEAA7200BDCDDF /* Preview Assets.xcassets */ = {isa = PBXFileReference; lastKnownFileType = folder.assetcatalog; path = "Preview Assets.xcassets"; sourceTree = "<group>"; };
		9C7F17F52AFEAA7200BDCDDF /* EventsUpComingTests.xctest */ = {isa = PBXFileReference; explicitFileType = wrapper.cfbundle; includeInIndex = 0; path = EventsUpComingTests.xctest; sourceTree = BUILT_PRODUCTS_DIR; };
		9C7F17F92AFEAA7200BDCDDF /* EventsUpComingTests.swift */ = {isa = PBXFileReference; lastKnownFileType = sourcecode.swift; path = EventsUpComingTests.swift; sourceTree = "<group>"; };
		9C7F17FF2AFEAA7200BDCDDF /* EventsUpComingUITests.xctest */ = {isa = PBXFileReference; explicitFileType = wrapper.cfbundle; includeInIndex = 0; path = EventsUpComingUITests.xctest; sourceTree = BUILT_PRODUCTS_DIR; };
		9C7F18032AFEAA7200BDCDDF /* EventsUpComingUITests.swift */ = {isa = PBXFileReference; lastKnownFileType = sourcecode.swift; path = EventsUpComingUITests.swift; sourceTree = "<group>"; };
		9C7F18052AFEAA7200BDCDDF /* EventsUpComingUITestsLaunchTests.swift */ = {isa = PBXFileReference; lastKnownFileType = sourcecode.swift; path = EventsUpComingUITestsLaunchTests.swift; sourceTree = "<group>"; };
		9C7F18132AFEABB600BDCDDF /* Coordinator.swift */ = {isa = PBXFileReference; lastKnownFileType = sourcecode.swift; path = Coordinator.swift; sourceTree = "<group>"; };
		9C7F18152AFEAC0400BDCDDF /* ScreenPages.swift */ = {isa = PBXFileReference; lastKnownFileType = sourcecode.swift; path = ScreenPages.swift; sourceTree = "<group>"; };
		9C7F181A2AFEAF2400BDCDDF /* QRCodeScanerView.swift */ = {isa = PBXFileReference; lastKnownFileType = sourcecode.swift; path = QRCodeScanerView.swift; sourceTree = "<group>"; };
		9C7F181C2AFEB03B00BDCDDF /* CoordinatorView.swift */ = {isa = PBXFileReference; lastKnownFileType = sourcecode.swift; path = CoordinatorView.swift; sourceTree = "<group>"; };
		9C7F181E2AFEB1F100BDCDDF /* EventListView.swift */ = {isa = PBXFileReference; lastKnownFileType = sourcecode.swift; path = EventListView.swift; sourceTree = "<group>"; };
		9C7F18222AFEB31D00BDCDDF /* CreateEventsView.swift */ = {isa = PBXFileReference; lastKnownFileType = sourcecode.swift; path = CreateEventsView.swift; sourceTree = "<group>"; };
		9C7F18262AFEC1B900BDCDDF /* ButtonChoise.swift */ = {isa = PBXFileReference; lastKnownFileType = sourcecode.swift; path = ButtonChoise.swift; sourceTree = "<group>"; };
		9C7F18292AFEC42300BDCDDF /* Color+Extension.swift */ = {isa = PBXFileReference; lastKnownFileType = sourcecode.swift; path = "Color+Extension.swift"; sourceTree = "<group>"; };
		9C7F182C2AFEC5FF00BDCDDF /* Poppins-Regular.ttf */ = {isa = PBXFileReference; lastKnownFileType = file; path = "Poppins-Regular.ttf"; sourceTree = "<group>"; };
		9C7F182E2AFEC6E500BDCDDF /* Info.plist */ = {isa = PBXFileReference; lastKnownFileType = text.plist; path = Info.plist; sourceTree = "<group>"; };
		9C7F182F2AFEC78800BDCDDF /* Font+Extension.swift */ = {isa = PBXFileReference; lastKnownFileType = sourcecode.swift; path = "Font+Extension.swift"; sourceTree = "<group>"; };
		9C7F18322AFEC97B00BDCDDF /* Period.swift */ = {isa = PBXFileReference; lastKnownFileType = sourcecode.swift; path = Period.swift; sourceTree = "<group>"; };
		9CA826772B04CC19004D5E2A /* EditEvents.swift */ = {isa = PBXFileReference; lastKnownFileType = sourcecode.swift; path = EditEvents.swift; sourceTree = "<group>"; };
		9CDDF9A42B039AAF00A75C0C /* PeriodButtonsPicker.swift */ = {isa = PBXFileReference; lastKnownFileType = sourcecode.swift; path = PeriodButtonsPicker.swift; sourceTree = "<group>"; };
		9CDDF9A92B03B5E700A75C0C /* EventCell.swift */ = {isa = PBXFileReference; lastKnownFileType = sourcecode.swift; path = EventCell.swift; sourceTree = "<group>"; };
		9CDDF9AB2B03B88900A75C0C /* IventModel.swift */ = {isa = PBXFileReference; lastKnownFileType = sourcecode.swift; path = IventModel.swift; sourceTree = "<group>"; };
		9CDDF9AD2B03CC9400A75C0C /* HeaderList.swift */ = {isa = PBXFileReference; lastKnownFileType = sourcecode.swift; path = HeaderList.swift; sourceTree = "<group>"; };
		9CDDF9AF2B03CDF300A75C0C /* Poppins-SemiBold.ttf */ = {isa = PBXFileReference; lastKnownFileType = file; path = "Poppins-SemiBold.ttf"; sourceTree = "<group>"; };
		9CDFB7102B14B48000466166 /* String+Extension.swift */ = {isa = PBXFileReference; lastKnownFileType = sourcecode.swift; path = "String+Extension.swift"; sourceTree = "<group>"; };
/* End PBXFileReference section */

/* Begin PBXFrameworksBuildPhase section */
		9C7F17E02AFEAA7100BDCDDF /* Frameworks */ = {
			isa = PBXFrameworksBuildPhase;
			buildActionMask = 2147483647;
			files = (
			);
			runOnlyForDeploymentPostprocessing = 0;
		};
		9C7F17F22AFEAA7200BDCDDF /* Frameworks */ = {
			isa = PBXFrameworksBuildPhase;
			buildActionMask = 2147483647;
			files = (
			);
			runOnlyForDeploymentPostprocessing = 0;
		};
		9C7F17FC2AFEAA7200BDCDDF /* Frameworks */ = {
			isa = PBXFrameworksBuildPhase;
			buildActionMask = 2147483647;
			files = (
			);
			runOnlyForDeploymentPostprocessing = 0;
		};
/* End PBXFrameworksBuildPhase section */

/* Begin PBXGroup section */
		9C47E3BE2B13D38F00FAD371 /* QRScanerView */ = {
			isa = PBXGroup;
			children = (
				9C7F181A2AFEAF2400BDCDDF /* QRCodeScanerView.swift */,
				9C47E3BF2B13D3B300FAD371 /* CameraView.swift */,
				9C47E3C32B13E98800FAD371 /* QRScannerDelegate.swift */,
			);
			path = QRScanerView;
			sourceTree = "<group>";
		};
		9C7425202B062A0500AE76C0 /* HelpersView */ = {
			isa = PBXGroup;
			children = (
				9C74251E2B0613E100AE76C0 /* TextEditorAppearance.swift */,
				9C74251A2B0605F300AE76C0 /* EventEditorView.swift */,
			);
			path = HelpersView;
			sourceTree = "<group>";
		};
		9C7425232B06893200AE76C0 /* Managers */ = {
			isa = PBXGroup;
			children = (
				9C7425242B06894700AE76C0 /* SwitDataManager.swift */,
			);
			path = Managers;
			sourceTree = "<group>";
		};
		9C7F17DA2AFEAA7100BDCDDF = {
			isa = PBXGroup;
			children = (
				9C7F17E52AFEAA7100BDCDDF /* EventsUpComing */,
				9C7F17F82AFEAA7200BDCDDF /* EventsUpComingTests */,
				9C7F18022AFEAA7200BDCDDF /* EventsUpComingUITests */,
				9C7F17E42AFEAA7100BDCDDF /* Products */,
			);
			sourceTree = "<group>";
		};
		9C7F17E42AFEAA7100BDCDDF /* Products */ = {
			isa = PBXGroup;
			children = (
				9C7F17E32AFEAA7100BDCDDF /* EventsUpComing.app */,
				9C7F17F52AFEAA7200BDCDDF /* EventsUpComingTests.xctest */,
				9C7F17FF2AFEAA7200BDCDDF /* EventsUpComingUITests.xctest */,
			);
			name = Products;
			sourceTree = "<group>";
		};
		9C7F17E52AFEAA7100BDCDDF /* EventsUpComing */ = {
			isa = PBXGroup;
			children = (
				9C7425232B06893200AE76C0 /* Managers */,
				9C7F182E2AFEC6E500BDCDDF /* Info.plist */,
				9C7F18282AFEC41100BDCDDF /* Helpers */,
				9C7F18242AFEBE8500BDCDDF /* App */,
				9C7F18122AFEAB3100BDCDDF /* Coordinator */,
				9C7F18192AFEAEF800BDCDDF /* Views */,
				9CDDF9A62B039ADB00A75C0C /* Model */,
				9C7F18312AFEC95E00BDCDDF /* ViewModel */,
				9C7F18252AFEBE9000BDCDDF /* Resources */,
				9C7F17E82AFEAA7100BDCDDF /* ContentView.swift */,
				9C7F17EA2AFEAA7100BDCDDF /* Todo.swift */,
				9C7F17EE2AFEAA7200BDCDDF /* Preview Content */,
			);
			path = EventsUpComing;
			sourceTree = "<group>";
		};
		9C7F17EE2AFEAA7200BDCDDF /* Preview Content */ = {
			isa = PBXGroup;
			children = (
				9C7F17EF2AFEAA7200BDCDDF /* Preview Assets.xcassets */,
			);
			path = "Preview Content";
			sourceTree = "<group>";
		};
		9C7F17F82AFEAA7200BDCDDF /* EventsUpComingTests */ = {
			isa = PBXGroup;
			children = (
				9C7F17F92AFEAA7200BDCDDF /* EventsUpComingTests.swift */,
			);
			path = EventsUpComingTests;
			sourceTree = "<group>";
		};
		9C7F18022AFEAA7200BDCDDF /* EventsUpComingUITests */ = {
			isa = PBXGroup;
			children = (
				9C7F18032AFEAA7200BDCDDF /* EventsUpComingUITests.swift */,
				9C7F18052AFEAA7200BDCDDF /* EventsUpComingUITestsLaunchTests.swift */,
			);
			path = EventsUpComingUITests;
			sourceTree = "<group>";
		};
		9C7F18122AFEAB3100BDCDDF /* Coordinator */ = {
			isa = PBXGroup;
			children = (
				9C7F18132AFEABB600BDCDDF /* Coordinator.swift */,
				9C7F18152AFEAC0400BDCDDF /* ScreenPages.swift */,
			);
			path = Coordinator;
			sourceTree = "<group>";
		};
		9C7F18172AFEAEE100BDCDDF /* EventsView */ = {
			isa = PBXGroup;
			children = (
				9C7F181E2AFEB1F100BDCDDF /* EventListView.swift */,
				9C7425262B076FD000AE76C0 /* QueryListView.swift */,
				9C7F18262AFEC1B900BDCDDF /* ButtonChoise.swift */,
				9CDDF9A42B039AAF00A75C0C /* PeriodButtonsPicker.swift */,
				9CDDF9A92B03B5E700A75C0C /* EventCell.swift */,
				9CDDF9AD2B03CC9400A75C0C /* HeaderList.swift */,
			);
			path = EventsView;
			sourceTree = "<group>";
		};
		9C7F18182AFEAEEE00BDCDDF /* SharedView */ = {
			isa = PBXGroup;
			children = (
				9C47E3B02B138FD900FAD371 /* ShareUseActivityVC.swift */,
				9C47E3B62B139AC700FAD371 /* ShareQRCodeView.swift */,
			);
			path = SharedView;
			sourceTree = "<group>";
		};
		9C7F18192AFEAEF800BDCDDF /* Views */ = {
			isa = PBXGroup;
			children = (
				9C47E3BE2B13D38F00FAD371 /* QRScanerView */,
				9C7F18202AFEB2D800BDCDDF /* CoordinatorView */,
				9C7F18212AFEB30800BDCDDF /* Events */,
				9C7F18172AFEAEE100BDCDDF /* EventsView */,
				9C7F18182AFEAEEE00BDCDDF /* SharedView */,
			);
			path = Views;
			sourceTree = "<group>";
		};
		9C7F18202AFEB2D800BDCDDF /* CoordinatorView */ = {
			isa = PBXGroup;
			children = (
				9C7F181C2AFEB03B00BDCDDF /* CoordinatorView.swift */,
			);
			path = CoordinatorView;
			sourceTree = "<group>";
		};
		9C7F18212AFEB30800BDCDDF /* Events */ = {
			isa = PBXGroup;
			children = (
				9C7425202B062A0500AE76C0 /* HelpersView */,
				9C7F18222AFEB31D00BDCDDF /* CreateEventsView.swift */,
				9CA826772B04CC19004D5E2A /* EditEvents.swift */,
			);
			path = Events;
			sourceTree = "<group>";
		};
		9C7F18242AFEBE8500BDCDDF /* App */ = {
			isa = PBXGroup;
			children = (
				9C7F17E62AFEAA7100BDCDDF /* EventsUpComingApp.swift */,
			);
			path = App;
			sourceTree = "<group>";
		};
		9C7F18252AFEBE9000BDCDDF /* Resources */ = {
			isa = PBXGroup;
			children = (
				9C7F182B2AFEC5E600BDCDDF /* Fonts */,
				9C7F17EC2AFEAA7200BDCDDF /* Assets.xcassets */,
			);
			path = Resources;
			sourceTree = "<group>";
		};
		9C7F18282AFEC41100BDCDDF /* Helpers */ = {
			isa = PBXGroup;
			children = (
				9C7F18292AFEC42300BDCDDF /* Color+Extension.swift */,
				9C7F182F2AFEC78800BDCDDF /* Font+Extension.swift */,
				9C7425212B065E8B00AE76C0 /* Date+Extension.swift */,
				9C47E3B82B13A2B100FAD371 /* EncodeDecodeManager.swift */,
				9CDFB7102B14B48000466166 /* String+Extension.swift */,
			);
			path = Helpers;
			sourceTree = "<group>";
		};
		9C7F182B2AFEC5E600BDCDDF /* Fonts */ = {
			isa = PBXGroup;
			children = (
				9CDDF9AF2B03CDF300A75C0C /* Poppins-SemiBold.ttf */,
				9C7F182C2AFEC5FF00BDCDDF /* Poppins-Regular.ttf */,
			);
			path = Fonts;
			sourceTree = "<group>";
		};
		9C7F18312AFEC95E00BDCDDF /* ViewModel */ = {
			isa = PBXGroup;
			children = (
				9C43661A2B091831009E8348 /* EventKitViewModel.swift */,
				9C4366312B0DF3E7009E8348 /* EventDataSource.swift */,
				9C4366332B0DF6B1009E8348 /* EventViewModel.swift */,
				9C47E3B22B1395F400FAD371 /* ShareViewModel.swift */,
			);
			path = ViewModel;
			sourceTree = "<group>";
		};
		9CDDF9A62B039ADB00A75C0C /* Model */ = {
			isa = PBXGroup;
			children = (
				9C7F18322AFEC97B00BDCDDF /* Period.swift */,
				9CDDF9AB2B03B88900A75C0C /* IventModel.swift */,
				9C47E3B42B139A5200FAD371 /* QRCodeGenerator.swift */,
				9C47E3C12B13E30C00FAD371 /* PermissionCamera.swift */,
			);
			path = Model;
			sourceTree = "<group>";
		};
/* End PBXGroup section */

/* Begin PBXNativeTarget section */
		9C7F17E22AFEAA7100BDCDDF /* EventsUpComing */ = {
			isa = PBXNativeTarget;
			buildConfigurationList = 9C7F18092AFEAA7200BDCDDF /* Build configuration list for PBXNativeTarget "EventsUpComing" */;
			buildPhases = (
				9C7F17DF2AFEAA7100BDCDDF /* Sources */,
				9C7F17E02AFEAA7100BDCDDF /* Frameworks */,
				9C7F17E12AFEAA7100BDCDDF /* Resources */,
			);
			buildRules = (
			);
			dependencies = (
			);
			name = EventsUpComing;
			productName = EventsUpComing;
			productReference = 9C7F17E32AFEAA7100BDCDDF /* EventsUpComing.app */;
			productType = "com.apple.product-type.application";
		};
		9C7F17F42AFEAA7200BDCDDF /* EventsUpComingTests */ = {
			isa = PBXNativeTarget;
			buildConfigurationList = 9C7F180C2AFEAA7200BDCDDF /* Build configuration list for PBXNativeTarget "EventsUpComingTests" */;
			buildPhases = (
				9C7F17F12AFEAA7200BDCDDF /* Sources */,
				9C7F17F22AFEAA7200BDCDDF /* Frameworks */,
				9C7F17F32AFEAA7200BDCDDF /* Resources */,
			);
			buildRules = (
			);
			dependencies = (
				9C7F17F72AFEAA7200BDCDDF /* PBXTargetDependency */,
			);
			name = EventsUpComingTests;
			productName = EventsUpComingTests;
			productReference = 9C7F17F52AFEAA7200BDCDDF /* EventsUpComingTests.xctest */;
			productType = "com.apple.product-type.bundle.unit-test";
		};
		9C7F17FE2AFEAA7200BDCDDF /* EventsUpComingUITests */ = {
			isa = PBXNativeTarget;
			buildConfigurationList = 9C7F180F2AFEAA7200BDCDDF /* Build configuration list for PBXNativeTarget "EventsUpComingUITests" */;
			buildPhases = (
				9C7F17FB2AFEAA7200BDCDDF /* Sources */,
				9C7F17FC2AFEAA7200BDCDDF /* Frameworks */,
				9C7F17FD2AFEAA7200BDCDDF /* Resources */,
			);
			buildRules = (
			);
			dependencies = (
				9C7F18012AFEAA7200BDCDDF /* PBXTargetDependency */,
			);
			name = EventsUpComingUITests;
			productName = EventsUpComingUITests;
			productReference = 9C7F17FF2AFEAA7200BDCDDF /* EventsUpComingUITests.xctest */;
			productType = "com.apple.product-type.bundle.ui-testing";
		};
/* End PBXNativeTarget section */

/* Begin PBXProject section */
		9C7F17DB2AFEAA7100BDCDDF /* Project object */ = {
			isa = PBXProject;
			attributes = {
				BuildIndependentTargetsInParallel = 1;
				LastSwiftUpdateCheck = 1500;
				LastUpgradeCheck = 1500;
				TargetAttributes = {
					9C7F17E22AFEAA7100BDCDDF = {
						CreatedOnToolsVersion = 15.0;
					};
					9C7F17F42AFEAA7200BDCDDF = {
						CreatedOnToolsVersion = 15.0;
						TestTargetID = 9C7F17E22AFEAA7100BDCDDF;
					};
					9C7F17FE2AFEAA7200BDCDDF = {
						CreatedOnToolsVersion = 15.0;
						TestTargetID = 9C7F17E22AFEAA7100BDCDDF;
					};
				};
			};
			buildConfigurationList = 9C7F17DE2AFEAA7100BDCDDF /* Build configuration list for PBXProject "EventsUpComing" */;
			compatibilityVersion = "Xcode 14.0";
			developmentRegion = en;
			hasScannedForEncodings = 0;
			knownRegions = (
				en,
				Base,
			);
			mainGroup = 9C7F17DA2AFEAA7100BDCDDF;
			productRefGroup = 9C7F17E42AFEAA7100BDCDDF /* Products */;
			projectDirPath = "";
			projectRoot = "";
			targets = (
				9C7F17E22AFEAA7100BDCDDF /* EventsUpComing */,
				9C7F17F42AFEAA7200BDCDDF /* EventsUpComingTests */,
				9C7F17FE2AFEAA7200BDCDDF /* EventsUpComingUITests */,
			);
		};
/* End PBXProject section */

/* Begin PBXResourcesBuildPhase section */
		9C7F17E12AFEAA7100BDCDDF /* Resources */ = {
			isa = PBXResourcesBuildPhase;
			buildActionMask = 2147483647;
			files = (
				9C7F182D2AFEC5FF00BDCDDF /* Poppins-Regular.ttf in Resources */,
				9CDDF9B02B03CDF300A75C0C /* Poppins-SemiBold.ttf in Resources */,
				9C7F17F02AFEAA7200BDCDDF /* Preview Assets.xcassets in Resources */,
				9C7F17ED2AFEAA7200BDCDDF /* Assets.xcassets in Resources */,
			);
			runOnlyForDeploymentPostprocessing = 0;
		};
		9C7F17F32AFEAA7200BDCDDF /* Resources */ = {
			isa = PBXResourcesBuildPhase;
			buildActionMask = 2147483647;
			files = (
			);
			runOnlyForDeploymentPostprocessing = 0;
		};
		9C7F17FD2AFEAA7200BDCDDF /* Resources */ = {
			isa = PBXResourcesBuildPhase;
			buildActionMask = 2147483647;
			files = (
			);
			runOnlyForDeploymentPostprocessing = 0;
		};
/* End PBXResourcesBuildPhase section */

/* Begin PBXSourcesBuildPhase section */
		9C7F17DF2AFEAA7100BDCDDF /* Sources */ = {
			isa = PBXSourcesBuildPhase;
			buildActionMask = 2147483647;
			files = (
				9CA826782B04CC19004D5E2A /* EditEvents.swift in Sources */,
				9C7F18142AFEABB600BDCDDF /* Coordinator.swift in Sources */,
				9C7F181D2AFEB03B00BDCDDF /* CoordinatorView.swift in Sources */,
				9C7F18302AFEC78800BDCDDF /* Font+Extension.swift in Sources */,
				9C7F18162AFEAC0400BDCDDF /* ScreenPages.swift in Sources */,
				9C7F17E92AFEAA7100BDCDDF /* ContentView.swift in Sources */,
				9C7F18232AFEB31D00BDCDDF /* CreateEventsView.swift in Sources */,
				9CDDF9A52B039AAF00A75C0C /* PeriodButtonsPicker.swift in Sources */,
				9CDFB7112B14B48000466166 /* String+Extension.swift in Sources */,
				9C43661B2B091831009E8348 /* EventKitViewModel.swift in Sources */,
				9CDDF9AE2B03CC9400A75C0C /* HeaderList.swift in Sources */,
				9C47E3B72B139AC700FAD371 /* ShareQRCodeView.swift in Sources */,
				9CDDF9AA2B03B5E700A75C0C /* EventCell.swift in Sources */,
				9C7425272B076FD000AE76C0 /* QueryListView.swift in Sources */,
				9C7F181B2AFEAF2400BDCDDF /* QRCodeScanerView.swift in Sources */,
				9C7425222B065E8B00AE76C0 /* Date+Extension.swift in Sources */,
				9C47E3C02B13D3B300FAD371 /* CameraView.swift in Sources */,
				9C74251B2B0605F300AE76C0 /* EventEditorView.swift in Sources */,
				9C7425252B06894700AE76C0 /* SwitDataManager.swift in Sources */,
				9C47E3C42B13E98800FAD371 /* QRScannerDelegate.swift in Sources */,
				9C74251F2B0613E100AE76C0 /* TextEditorAppearance.swift in Sources */,
				9C7F17EB2AFEAA7100BDCDDF /* Todo.swift in Sources */,
				9C47E3B32B1395F400FAD371 /* ShareViewModel.swift in Sources */,
				9C47E3B92B13A2B100FAD371 /* EncodeDecodeManager.swift in Sources */,
				9C7F17E72AFEAA7100BDCDDF /* EventsUpComingApp.swift in Sources */,
				9CDDF9AC2B03B88900A75C0C /* IventModel.swift in Sources */,
				9C7F18272AFEC1B900BDCDDF /* ButtonChoise.swift in Sources */,
				9C47E3B52B139A5200FAD371 /* QRCodeGenerator.swift in Sources */,
				9C4366322B0DF3E7009E8348 /* EventDataSource.swift in Sources */,
				9C7F18332AFEC97B00BDCDDF /* Period.swift in Sources */,
				9C47E3C22B13E30C00FAD371 /* PermissionCamera.swift in Sources */,
				9C4366342B0DF6B1009E8348 /* EventViewModel.swift in Sources */,
				9C7F182A2AFEC42300BDCDDF /* Color+Extension.swift in Sources */,
				9C47E3B12B138FD900FAD371 /* ShareUseActivityVC.swift in Sources */,
				9C7F181F2AFEB1F100BDCDDF /* EventListView.swift in Sources */,
			);
			runOnlyForDeploymentPostprocessing = 0;
		};
		9C7F17F12AFEAA7200BDCDDF /* Sources */ = {
			isa = PBXSourcesBuildPhase;
			buildActionMask = 2147483647;
			files = (
				9C7F17FA2AFEAA7200BDCDDF /* EventsUpComingTests.swift in Sources */,
			);
			runOnlyForDeploymentPostprocessing = 0;
		};
		9C7F17FB2AFEAA7200BDCDDF /* Sources */ = {
			isa = PBXSourcesBuildPhase;
			buildActionMask = 2147483647;
			files = (
				9C7F18042AFEAA7200BDCDDF /* EventsUpComingUITests.swift in Sources */,
				9C7F18062AFEAA7200BDCDDF /* EventsUpComingUITestsLaunchTests.swift in Sources */,
			);
			runOnlyForDeploymentPostprocessing = 0;
		};
/* End PBXSourcesBuildPhase section */

/* Begin PBXTargetDependency section */
		9C7F17F72AFEAA7200BDCDDF /* PBXTargetDependency */ = {
			isa = PBXTargetDependency;
			target = 9C7F17E22AFEAA7100BDCDDF /* EventsUpComing */;
			targetProxy = 9C7F17F62AFEAA7200BDCDDF /* PBXContainerItemProxy */;
		};
		9C7F18012AFEAA7200BDCDDF /* PBXTargetDependency */ = {
			isa = PBXTargetDependency;
			target = 9C7F17E22AFEAA7100BDCDDF /* EventsUpComing */;
			targetProxy = 9C7F18002AFEAA7200BDCDDF /* PBXContainerItemProxy */;
		};
/* End PBXTargetDependency section */

/* Begin XCBuildConfiguration section */
		9C7F18072AFEAA7200BDCDDF /* Debug */ = {
			isa = XCBuildConfiguration;
			buildSettings = {
				ALWAYS_SEARCH_USER_PATHS = NO;
				ASSETCATALOG_COMPILER_GENERATE_SWIFT_ASSET_SYMBOL_EXTENSIONS = YES;
				CLANG_ANALYZER_NONNULL = YES;
				CLANG_ANALYZER_NUMBER_OBJECT_CONVERSION = YES_AGGRESSIVE;
				CLANG_CXX_LANGUAGE_STANDARD = "gnu++20";
				CLANG_ENABLE_MODULES = YES;
				CLANG_ENABLE_OBJC_ARC = YES;
				CLANG_ENABLE_OBJC_WEAK = YES;
				CLANG_WARN_BLOCK_CAPTURE_AUTORELEASING = YES;
				CLANG_WARN_BOOL_CONVERSION = YES;
				CLANG_WARN_COMMA = YES;
				CLANG_WARN_CONSTANT_CONVERSION = YES;
				CLANG_WARN_DEPRECATED_OBJC_IMPLEMENTATIONS = YES;
				CLANG_WARN_DIRECT_OBJC_ISA_USAGE = YES_ERROR;
				CLANG_WARN_DOCUMENTATION_COMMENTS = YES;
				CLANG_WARN_EMPTY_BODY = YES;
				CLANG_WARN_ENUM_CONVERSION = YES;
				CLANG_WARN_INFINITE_RECURSION = YES;
				CLANG_WARN_INT_CONVERSION = YES;
				CLANG_WARN_NON_LITERAL_NULL_CONVERSION = YES;
				CLANG_WARN_OBJC_IMPLICIT_RETAIN_SELF = YES;
				CLANG_WARN_OBJC_LITERAL_CONVERSION = YES;
				CLANG_WARN_OBJC_ROOT_CLASS = YES_ERROR;
				CLANG_WARN_QUOTED_INCLUDE_IN_FRAMEWORK_HEADER = YES;
				CLANG_WARN_RANGE_LOOP_ANALYSIS = YES;
				CLANG_WARN_STRICT_PROTOTYPES = YES;
				CLANG_WARN_SUSPICIOUS_MOVE = YES;
				CLANG_WARN_UNGUARDED_AVAILABILITY = YES_AGGRESSIVE;
				CLANG_WARN_UNREACHABLE_CODE = YES;
				CLANG_WARN__DUPLICATE_METHOD_MATCH = YES;
				COPY_PHASE_STRIP = NO;
				DEBUG_INFORMATION_FORMAT = dwarf;
				ENABLE_STRICT_OBJC_MSGSEND = YES;
				ENABLE_TESTABILITY = YES;
				ENABLE_USER_SCRIPT_SANDBOXING = YES;
				GCC_C_LANGUAGE_STANDARD = gnu17;
				GCC_DYNAMIC_NO_PIC = NO;
				GCC_NO_COMMON_BLOCKS = YES;
				GCC_OPTIMIZATION_LEVEL = 0;
				GCC_PREPROCESSOR_DEFINITIONS = (
					"DEBUG=1",
					"$(inherited)",
				);
				GCC_WARN_64_TO_32_BIT_CONVERSION = YES;
				GCC_WARN_ABOUT_RETURN_TYPE = YES_ERROR;
				GCC_WARN_UNDECLARED_SELECTOR = YES;
				GCC_WARN_UNINITIALIZED_AUTOS = YES_AGGRESSIVE;
				GCC_WARN_UNUSED_FUNCTION = YES;
				GCC_WARN_UNUSED_VARIABLE = YES;
				IPHONEOS_DEPLOYMENT_TARGET = 17.0;
				LOCALIZATION_PREFERS_STRING_CATALOGS = YES;
				MTL_ENABLE_DEBUG_INFO = INCLUDE_SOURCE;
				MTL_FAST_MATH = YES;
				ONLY_ACTIVE_ARCH = YES;
				SDKROOT = iphoneos;
				SWIFT_ACTIVE_COMPILATION_CONDITIONS = "DEBUG $(inherited)";
				SWIFT_OPTIMIZATION_LEVEL = "-Onone";
			};
			name = Debug;
		};
		9C7F18082AFEAA7200BDCDDF /* Release */ = {
			isa = XCBuildConfiguration;
			buildSettings = {
				ALWAYS_SEARCH_USER_PATHS = NO;
				ASSETCATALOG_COMPILER_GENERATE_SWIFT_ASSET_SYMBOL_EXTENSIONS = YES;
				CLANG_ANALYZER_NONNULL = YES;
				CLANG_ANALYZER_NUMBER_OBJECT_CONVERSION = YES_AGGRESSIVE;
				CLANG_CXX_LANGUAGE_STANDARD = "gnu++20";
				CLANG_ENABLE_MODULES = YES;
				CLANG_ENABLE_OBJC_ARC = YES;
				CLANG_ENABLE_OBJC_WEAK = YES;
				CLANG_WARN_BLOCK_CAPTURE_AUTORELEASING = YES;
				CLANG_WARN_BOOL_CONVERSION = YES;
				CLANG_WARN_COMMA = YES;
				CLANG_WARN_CONSTANT_CONVERSION = YES;
				CLANG_WARN_DEPRECATED_OBJC_IMPLEMENTATIONS = YES;
				CLANG_WARN_DIRECT_OBJC_ISA_USAGE = YES_ERROR;
				CLANG_WARN_DOCUMENTATION_COMMENTS = YES;
				CLANG_WARN_EMPTY_BODY = YES;
				CLANG_WARN_ENUM_CONVERSION = YES;
				CLANG_WARN_INFINITE_RECURSION = YES;
				CLANG_WARN_INT_CONVERSION = YES;
				CLANG_WARN_NON_LITERAL_NULL_CONVERSION = YES;
				CLANG_WARN_OBJC_IMPLICIT_RETAIN_SELF = YES;
				CLANG_WARN_OBJC_LITERAL_CONVERSION = YES;
				CLANG_WARN_OBJC_ROOT_CLASS = YES_ERROR;
				CLANG_WARN_QUOTED_INCLUDE_IN_FRAMEWORK_HEADER = YES;
				CLANG_WARN_RANGE_LOOP_ANALYSIS = YES;
				CLANG_WARN_STRICT_PROTOTYPES = YES;
				CLANG_WARN_SUSPICIOUS_MOVE = YES;
				CLANG_WARN_UNGUARDED_AVAILABILITY = YES_AGGRESSIVE;
				CLANG_WARN_UNREACHABLE_CODE = YES;
				CLANG_WARN__DUPLICATE_METHOD_MATCH = YES;
				COPY_PHASE_STRIP = NO;
				DEBUG_INFORMATION_FORMAT = "dwarf-with-dsym";
				ENABLE_NS_ASSERTIONS = NO;
				ENABLE_STRICT_OBJC_MSGSEND = YES;
				ENABLE_USER_SCRIPT_SANDBOXING = YES;
				GCC_C_LANGUAGE_STANDARD = gnu17;
				GCC_NO_COMMON_BLOCKS = YES;
				GCC_WARN_64_TO_32_BIT_CONVERSION = YES;
				GCC_WARN_ABOUT_RETURN_TYPE = YES_ERROR;
				GCC_WARN_UNDECLARED_SELECTOR = YES;
				GCC_WARN_UNINITIALIZED_AUTOS = YES_AGGRESSIVE;
				GCC_WARN_UNUSED_FUNCTION = YES;
				GCC_WARN_UNUSED_VARIABLE = YES;
				IPHONEOS_DEPLOYMENT_TARGET = 17.0;
				LOCALIZATION_PREFERS_STRING_CATALOGS = YES;
				MTL_ENABLE_DEBUG_INFO = NO;
				MTL_FAST_MATH = YES;
				SDKROOT = iphoneos;
				SWIFT_COMPILATION_MODE = wholemodule;
				VALIDATE_PRODUCT = YES;
			};
			name = Release;
		};
		9C7F180A2AFEAA7200BDCDDF /* Debug */ = {
			isa = XCBuildConfiguration;
			buildSettings = {
				ASSETCATALOG_COMPILER_APPICON_NAME = AppIcon;
				ASSETCATALOG_COMPILER_GLOBAL_ACCENT_COLOR_NAME = AccentColor;
				CODE_SIGN_STYLE = Automatic;
				CURRENT_PROJECT_VERSION = 1;
				DEVELOPMENT_ASSET_PATHS = "\"EventsUpComing/Preview Content\"";
				DEVELOPMENT_TEAM = P54RYJ8289;
				ENABLE_PREVIEWS = YES;
				GENERATE_INFOPLIST_FILE = YES;
				INFOPLIST_FILE = EventsUpComing/Info.plist;
				INFOPLIST_KEY_NSCalendarsUsageDescription = "Give usage description";
				INFOPLIST_KEY_NSCameraUsageDescription = "get access to camera";
				INFOPLIST_KEY_UIApplicationSceneManifest_Generation = YES;
				INFOPLIST_KEY_UIApplicationSupportsIndirectInputEvents = YES;
				INFOPLIST_KEY_UILaunchScreen_Generation = YES;
				INFOPLIST_KEY_UISupportedInterfaceOrientations_iPad = "UIInterfaceOrientationPortrait UIInterfaceOrientationPortraitUpsideDown UIInterfaceOrientationLandscapeLeft UIInterfaceOrientationLandscapeRight";
				INFOPLIST_KEY_UISupportedInterfaceOrientations_iPhone = "UIInterfaceOrientationPortrait UIInterfaceOrientationLandscapeLeft UIInterfaceOrientationLandscapeRight";
				LD_RUNPATH_SEARCH_PATHS = (
					"$(inherited)",
					"@executable_path/Frameworks",
				);
				MARKETING_VERSION = 1.0;
				PRODUCT_BUNDLE_IDENTIFIER = com.yuiop.EventsUpComing;
				PRODUCT_NAME = "$(TARGET_NAME)";
				SWIFT_EMIT_LOC_STRINGS = YES;
				SWIFT_VERSION = 5.0;
				TARGETED_DEVICE_FAMILY = "1,2";
			};
			name = Debug;
		};
		9C7F180B2AFEAA7200BDCDDF /* Release */ = {
			isa = XCBuildConfiguration;
			buildSettings = {
				ASSETCATALOG_COMPILER_APPICON_NAME = AppIcon;
				ASSETCATALOG_COMPILER_GLOBAL_ACCENT_COLOR_NAME = AccentColor;
				CODE_SIGN_STYLE = Automatic;
				CURRENT_PROJECT_VERSION = 1;
				DEVELOPMENT_ASSET_PATHS = "\"EventsUpComing/Preview Content\"";
				DEVELOPMENT_TEAM = P54RYJ8289;
				ENABLE_PREVIEWS = YES;
				GENERATE_INFOPLIST_FILE = YES;
				INFOPLIST_FILE = EventsUpComing/Info.plist;
				INFOPLIST_KEY_NSCalendarsUsageDescription = "Give usage description";
				INFOPLIST_KEY_NSCameraUsageDescription = "get access to camera";
				INFOPLIST_KEY_UIApplicationSceneManifest_Generation = YES;
				INFOPLIST_KEY_UIApplicationSupportsIndirectInputEvents = YES;
				INFOPLIST_KEY_UILaunchScreen_Generation = YES;
				INFOPLIST_KEY_UISupportedInterfaceOrientations_iPad = "UIInterfaceOrientationPortrait UIInterfaceOrientationPortraitUpsideDown UIInterfaceOrientationLandscapeLeft UIInterfaceOrientationLandscapeRight";
				INFOPLIST_KEY_UISupportedInterfaceOrientations_iPhone = "UIInterfaceOrientationPortrait UIInterfaceOrientationLandscapeLeft UIInterfaceOrientationLandscapeRight";
				LD_RUNPATH_SEARCH_PATHS = (
					"$(inherited)",
					"@executable_path/Frameworks",
				);
				MARKETING_VERSION = 1.0;
				PRODUCT_BUNDLE_IDENTIFIER = com.yuiop.EventsUpComing;
				PRODUCT_NAME = "$(TARGET_NAME)";
				SWIFT_EMIT_LOC_STRINGS = YES;
				SWIFT_VERSION = 5.0;
				TARGETED_DEVICE_FAMILY = "1,2";
			};
			name = Release;
		};
		9C7F180D2AFEAA7200BDCDDF /* Debug */ = {
			isa = XCBuildConfiguration;
			buildSettings = {
				ALWAYS_EMBED_SWIFT_STANDARD_LIBRARIES = YES;
				BUNDLE_LOADER = "$(TEST_HOST)";
				CODE_SIGN_STYLE = Automatic;
				CURRENT_PROJECT_VERSION = 1;
				DEVELOPMENT_TEAM = P54RYJ8289;
				GENERATE_INFOPLIST_FILE = YES;
				IPHONEOS_DEPLOYMENT_TARGET = 17.0;
				MARKETING_VERSION = 1.0;
				PRODUCT_BUNDLE_IDENTIFIER = com.yuiop.EventsUpComingTests;
				PRODUCT_NAME = "$(TARGET_NAME)";
				SWIFT_EMIT_LOC_STRINGS = NO;
				SWIFT_VERSION = 5.0;
				TARGETED_DEVICE_FAMILY = "1,2";
				TEST_HOST = "$(BUILT_PRODUCTS_DIR)/EventsUpComing.app/$(BUNDLE_EXECUTABLE_FOLDER_PATH)/EventsUpComing";
			};
			name = Debug;
		};
		9C7F180E2AFEAA7200BDCDDF /* Release */ = {
			isa = XCBuildConfiguration;
			buildSettings = {
				ALWAYS_EMBED_SWIFT_STANDARD_LIBRARIES = YES;
				BUNDLE_LOADER = "$(TEST_HOST)";
				CODE_SIGN_STYLE = Automatic;
				CURRENT_PROJECT_VERSION = 1;
				DEVELOPMENT_TEAM = P54RYJ8289;
				GENERATE_INFOPLIST_FILE = YES;
				IPHONEOS_DEPLOYMENT_TARGET = 17.0;
				MARKETING_VERSION = 1.0;
				PRODUCT_BUNDLE_IDENTIFIER = com.yuiop.EventsUpComingTests;
				PRODUCT_NAME = "$(TARGET_NAME)";
				SWIFT_EMIT_LOC_STRINGS = NO;
				SWIFT_VERSION = 5.0;
				TARGETED_DEVICE_FAMILY = "1,2";
				TEST_HOST = "$(BUILT_PRODUCTS_DIR)/EventsUpComing.app/$(BUNDLE_EXECUTABLE_FOLDER_PATH)/EventsUpComing";
			};
			name = Release;
		};
		9C7F18102AFEAA7200BDCDDF /* Debug */ = {
			isa = XCBuildConfiguration;
			buildSettings = {
				ALWAYS_EMBED_SWIFT_STANDARD_LIBRARIES = YES;
				CODE_SIGN_STYLE = Automatic;
				CURRENT_PROJECT_VERSION = 1;
				DEVELOPMENT_TEAM = P54RYJ8289;
				GENERATE_INFOPLIST_FILE = YES;
				MARKETING_VERSION = 1.0;
				PRODUCT_BUNDLE_IDENTIFIER = com.yuiop.EventsUpComingUITests;
				PRODUCT_NAME = "$(TARGET_NAME)";
				SWIFT_EMIT_LOC_STRINGS = NO;
				SWIFT_VERSION = 5.0;
				TARGETED_DEVICE_FAMILY = "1,2";
				TEST_TARGET_NAME = EventsUpComing;
			};
			name = Debug;
		};
		9C7F18112AFEAA7200BDCDDF /* Release */ = {
			isa = XCBuildConfiguration;
			buildSettings = {
				ALWAYS_EMBED_SWIFT_STANDARD_LIBRARIES = YES;
				CODE_SIGN_STYLE = Automatic;
				CURRENT_PROJECT_VERSION = 1;
				DEVELOPMENT_TEAM = P54RYJ8289;
				GENERATE_INFOPLIST_FILE = YES;
				MARKETING_VERSION = 1.0;
				PRODUCT_BUNDLE_IDENTIFIER = com.yuiop.EventsUpComingUITests;
				PRODUCT_NAME = "$(TARGET_NAME)";
				SWIFT_EMIT_LOC_STRINGS = NO;
				SWIFT_VERSION = 5.0;
				TARGETED_DEVICE_FAMILY = "1,2";
				TEST_TARGET_NAME = EventsUpComing;
			};
			name = Release;
		};
/* End XCBuildConfiguration section */

/* Begin XCConfigurationList section */
		9C7F17DE2AFEAA7100BDCDDF /* Build configuration list for PBXProject "EventsUpComing" */ = {
			isa = XCConfigurationList;
			buildConfigurations = (
				9C7F18072AFEAA7200BDCDDF /* Debug */,
				9C7F18082AFEAA7200BDCDDF /* Release */,
			);
			defaultConfigurationIsVisible = 0;
			defaultConfigurationName = Release;
		};
		9C7F18092AFEAA7200BDCDDF /* Build configuration list for PBXNativeTarget "EventsUpComing" */ = {
			isa = XCConfigurationList;
			buildConfigurations = (
				9C7F180A2AFEAA7200BDCDDF /* Debug */,
				9C7F180B2AFEAA7200BDCDDF /* Release */,
			);
			defaultConfigurationIsVisible = 0;
			defaultConfigurationName = Release;
		};
		9C7F180C2AFEAA7200BDCDDF /* Build configuration list for PBXNativeTarget "EventsUpComingTests" */ = {
			isa = XCConfigurationList;
			buildConfigurations = (
				9C7F180D2AFEAA7200BDCDDF /* Debug */,
				9C7F180E2AFEAA7200BDCDDF /* Release */,
			);
			defaultConfigurationIsVisible = 0;
			defaultConfigurationName = Release;
		};
		9C7F180F2AFEAA7200BDCDDF /* Build configuration list for PBXNativeTarget "EventsUpComingUITests" */ = {
			isa = XCConfigurationList;
			buildConfigurations = (
				9C7F18102AFEAA7200BDCDDF /* Debug */,
				9C7F18112AFEAA7200BDCDDF /* Release */,
			);
			defaultConfigurationIsVisible = 0;
			defaultConfigurationName = Release;
		};
/* End XCConfigurationList section */
	};
	rootObject = 9C7F17DB2AFEAA7100BDCDDF /* Project object */;
}
